
Microsoft Visual Studio Solution File, Format Version 12.00
# Visual Studio Version 16
VisualStudioVersion = 16.0.30204.135
MinimumVisualStudioVersion = 10.0.40219.1
Project("{2150E333-8FDC-42A3-9474-1A3956D46DE8}") = "01_Presentacion", "01_Presentacion", "{5511D395-2E29-46F7-9F78-63C5B9E31E06}"
EndProject
Project("{2150E333-8FDC-42A3-9474-1A3956D46DE8}") = "02_Servicios", "02_Servicios", "{9DF32F94-029D-4609-881C-15EEA457B17C}"
EndProject
Project("{2150E333-8FDC-42A3-9474-1A3956D46DE8}") = "03_Modelos", "03_Modelos", "{9C78E0FE-8E5D-41E5-9B55-76BC950A3631}"
EndProject
Project("{2150E333-8FDC-42A3-9474-1A3956D46DE8}") = "04_LogicaNegocio", "04_LogicaNegocio", "{E49887F7-3DB0-42B6-B2DD-7E75C793740E}"
EndProject
Project("{2150E333-8FDC-42A3-9474-1A3956D46DE8}") = "06_Pruebas", "06_Pruebas", "{BF74D914-7D30-402A-A17F-9523E349B547}"
EndProject
Project("{2150E333-8FDC-42A3-9474-1A3956D46DE8}") = "05_AccesoDatos", "05_AccesoDatos", "{27AA3EA2-8F24-4EA3-B357-5BC37EECF7F1}"
EndProject
Project("{FAE04EC0-301F-11D3-BF4B-00C04F79EFBC}") = "AccesoDatos", "AccesoDatos\AccesoDatos.csproj", "{3335EC22-65FC-403D-8D36-DAE6345D35E6}"
EndProject
Project("{FAE04EC0-301F-11D3-BF4B-00C04F79EFBC}") = "Modelos", "Modelos\Modelos.csproj", "{6C21040E-FC8F-4F84-9213-CE47856A57E4}"
EndProject
Project("{FAE04EC0-301F-11D3-BF4B-00C04F79EFBC}") = "LogicaNegocio", "LogicaNegocio\LogicaNegocio.csproj", "{C8200BF3-E77D-4BBF-A278-0A700ECC6942}"
EndProject
Project("{FAE04EC0-301F-11D3-BF4B-00C04F79EFBC}") = "FacturacionConsola", "FacturacionConsola\FacturacionConsola.csproj", "{14ACF58A-D4A8-4E42-B76E-B4A4ACA58400}"
EndProject
Project("{FAE04EC0-301F-11D3-BF4B-00C04F79EFBC}") = "PruebasUnitarias", "PruebasUnitarias\PruebasUnitarias.csproj", "{AB2E1062-F808-429F-9C55-0FE1E2E6426D}"
EndProject
Project("{FAE04EC0-301F-11D3-BF4B-00C04F79EFBC}") = "PruebasIntegracion", "PruebasIntegracion\PruebasIntegracion.csproj", "{FD576647-7252-4004-ACA4-FCFD4B512C90}"
EndProject
Project("{FAE04EC0-301F-11D3-BF4B-00C04F79EFBC}") = "FacturacionWebApi", "FacturacionWebApi\FacturacionWebApi.csproj", "{97F46273-FC84-4FDB-8493-8C2B29D4C946}"
EndProject
Global
	GlobalSection(SolutionConfigurationPlatforms) = preSolution
		Debug|Any CPU = Debug|Any CPU
		Release|Any CPU = Release|Any CPU
	EndGlobalSection
	GlobalSection(ProjectConfigurationPlatforms) = postSolution
		{3335EC22-65FC-403D-8D36-DAE6345D35E6}.Debug|Any CPU.ActiveCfg = Debug|Any CPU
		{3335EC22-65FC-403D-8D36-DAE6345D35E6}.Debug|Any CPU.Build.0 = Debug|Any CPU
		{3335EC22-65FC-403D-8D36-DAE6345D35E6}.Release|Any CPU.ActiveCfg = Release|Any CPU
		{3335EC22-65FC-403D-8D36-DAE6345D35E6}.Release|Any CPU.Build.0 = Release|Any CPU
		{6C21040E-FC8F-4F84-9213-CE47856A57E4}.Debug|Any CPU.ActiveCfg = Debug|Any CPU
		{6C21040E-FC8F-4F84-9213-CE47856A57E4}.Debug|Any CPU.Build.0 = Debug|Any CPU
		{6C21040E-FC8F-4F84-9213-CE47856A57E4}.Release|Any CPU.ActiveCfg = Release|Any CPU
		{6C21040E-FC8F-4F84-9213-CE47856A57E4}.Release|Any CPU.Build.0 = Release|Any CPU
		{C8200BF3-E77D-4BBF-A278-0A700ECC6942}.Debug|Any CPU.ActiveCfg = Debug|Any CPU
		{C8200BF3-E77D-4BBF-A278-0A700ECC6942}.Debug|Any CPU.Build.0 = Debug|Any CPU
		{C8200BF3-E77D-4BBF-A278-0A700ECC6942}.Release|Any CPU.ActiveCfg = Release|Any CPU
		{C8200BF3-E77D-4BBF-A278-0A700ECC6942}.Release|Any CPU.Build.0 = Release|Any CPU
		{14ACF58A-D4A8-4E42-B76E-B4A4ACA58400}.Debug|Any CPU.ActiveCfg = Debug|Any CPU
		{14ACF58A-D4A8-4E42-B76E-B4A4ACA58400}.Debug|Any CPU.Build.0 = Debug|Any CPU
		{14ACF58A-D4A8-4E42-B76E-B4A4ACA58400}.Release|Any CPU.ActiveCfg = Release|Any CPU
		{14ACF58A-D4A8-4E42-B76E-B4A4ACA58400}.Release|Any CPU.Build.0 = Release|Any CPU
		{AB2E1062-F808-429F-9C55-0FE1E2E6426D}.Debug|Any CPU.ActiveCfg = Debug|Any CPU
		{AB2E1062-F808-429F-9C55-0FE1E2E6426D}.Debug|Any CPU.Build.0 = Debug|Any CPU
		{AB2E1062-F808-429F-9C55-0FE1E2E6426D}.Release|Any CPU.ActiveCfg = Release|Any CPU
		{AB2E1062-F808-429F-9C55-0FE1E2E6426D}.Release|Any CPU.Build.0 = Release|Any CPU
		{FD576647-7252-4004-ACA4-FCFD4B512C90}.Debug|Any CPU.ActiveCfg = Debug|Any CPU
		{FD576647-7252-4004-ACA4-FCFD4B512C90}.Debug|Any CPU.Build.0 = Debug|Any CPU
		{FD576647-7252-4004-ACA4-FCFD4B512C90}.Release|Any CPU.ActiveCfg = Release|Any CPU
		{FD576647-7252-4004-ACA4-FCFD4B512C90}.Release|Any CPU.Build.0 = Release|Any CPU
		{97F46273-FC84-4FDB-8493-8C2B29D4C946}.Debug|Any CPU.ActiveCfg = Debug|Any CPU
		{97F46273-FC84-4FDB-8493-8C2B29D4C946}.Debug|Any CPU.Build.0 = Debug|Any CPU
		{97F46273-FC84-4FDB-8493-8C2B29D4C946}.Release|Any CPU.ActiveCfg = Release|Any CPU
		{97F46273-FC84-4FDB-8493-8C2B29D4C946}.Release|Any CPU.Build.0 = Release|Any CPU
	EndGlobalSection
	GlobalSection(SolutionProperties) = preSolution
		HideSolutionNode = FALSE
	EndGlobalSection
	GlobalSection(NestedProjects) = preSolution
		{3335EC22-65FC-403D-8D36-DAE6345D35E6} = {27AA3EA2-8F24-4EA3-B357-5BC37EECF7F1}
		{6C21040E-FC8F-4F84-9213-CE47856A57E4} = {9C78E0FE-8E5D-41E5-9B55-76BC950A3631}
		{C8200BF3-E77D-4BBF-A278-0A700ECC6942} = {E49887F7-3DB0-42B6-B2DD-7E75C793740E}
		{14ACF58A-D4A8-4E42-B76E-B4A4ACA58400} = {5511D395-2E29-46F7-9F78-63C5B9E31E06}
		{AB2E1062-F808-429F-9C55-0FE1E2E6426D} = {BF74D914-7D30-402A-A17F-9523E349B547}
		{FD576647-7252-4004-ACA4-FCFD4B512C90} = {BF74D914-7D30-402A-A17F-9523E349B547}
		{97F46273-FC84-4FDB-8493-8C2B29D4C946} = {9DF32F94-029D-4609-881C-15EEA457B17C}
	EndGlobalSection
	GlobalSection(ExtensibilityGlobals) = postSolution
		SolutionGuid = {4133769D-4430-42FC-ACE9-743A93CDEB47}
	EndGlobalSection
EndGlobal
